{
  "originHash" : "1a77cbe69168f38e35347fdb3a225f4a432de92afb0003e40f7970b9adcf4f25",
  "pins" : [
    {
      "identity" : "arcdesignsystem",
      "kind" : "remoteSourceControl",
      "location" : "https://github.com/arclabs-studio/ARCDesignSystem",
      "state" : {
        "revision" : "7af2ae64844deafd01040bd92023bdeb0efe4f6c",
        "version" : "1.0.0"
      }
    },
    {
      "identity" : "arclogger",
      "kind" : "remoteSourceControl",
      "location" : "https://github.com/arclabs-studio/ARCLogger",
      "state" : {
        "revision" : "c6fcb3571628d315e9fc7c00f28c12ac99fe42ca",
        "version" : "1.0.0"
      }
    },
    {
      "identity" : "arcuicomponents",
      "kind" : "remoteSourceControl",
      "location" : "https://github.com/arclabs-studio/ARCUIComponents",
      "state" : {
        "revision" : "6922eb8d18a704e62b4889ee2bbe659c7201bed5",
        "version" : "1.1.0"
      }
    }
  ],
  "version" : 3
}
